
Microsoft Visual Studio Solution File, Format Version 12.00
# Visual Studio Version 16
VisualStudioVersion = 16.0.32106.194
MinimumVisualStudioVersion = 10.0.40219.1
Project("{FAE04EC0-301F-11D3-BF4B-00C04F79EFBC}") = "ABC_Bank", "ABC_Bank\ABC_Bank.csproj", "{48B815E3-86A0-4984-8D54-266FEEE4BA28}"
EndProject
Global
	GlobalSection(SolutionConfigurationPlatforms) = preSolution
		Debug|Any CPU = Debug|Any CPU
		Release|Any CPU = Release|Any CPU
	EndGlobalSection
	GlobalSection(ProjectConfigurationPlatforms) = postSolution
		{48B815E3-86A0-4984-8D54-266FEEE4BA28}.Debug|Any CPU.ActiveCfg = Debug|Any CPU
		{48B815E3-86A0-4984-8D54-266FEEE4BA28}.Debug|Any CPU.Build.0 = Debug|Any CPU
		{48B815E3-86A0-4984-8D54-266FEEE4BA28}.Release|Any CPU.ActiveCfg = Release|Any CPU
		{48B815E3-86A0-4984-8D54-266FEEE4BA28}.Release|Any CPU.Build.0 = Release|Any CPU
	EndGlobalSection
	GlobalSection(SolutionProperties) = preSolution
		HideSolutionNode = FALSE
	EndGlobalSection
	GlobalSection(ExtensibilityGlobals) = postSolution
		SolutionGuid = {E705D7D0-FE11-4A5B-837C-79B3E0813737}
	EndGlobalSection
EndGlobal
